
Microsoft Visual Studio Solution File, Format Version 12.00
# Visual Studio Version 16
VisualStudioVersion = 16.0.28922.388
MinimumVisualStudioVersion = 10.0.40219.1
Project("{FAE04EC0-301F-11D3-BF4B-00C04F79EFBC}") = "DomoticzNetConsole", "DomoticzNetConsole\DomoticzNetConsole.csproj", "{98310842-84E2-4457-A16D-F4C7EB0BAA6C}"
EndProject
Project("{D954291E-2A0B-460D-934E-DC6B0785DB48}") = "DomoticzNet", "DomoticzNet\DomoticzNet.shproj", "{A6857022-C9E8-49B3-BFB0-3B47A194AFCD}"
EndProject
Project("{FAE04EC0-301F-11D3-BF4B-00C04F79EFBC}") = "DomoticzNetStandard", "DomoticzNetStandard\DomoticzNetStandard.csproj", "{12AC13EA-C508-4903-A7D6-2406A2C5C15A}"
EndProject
Global
	GlobalSection(SharedMSBuildProjectFiles) = preSolution
		DomoticzNet\DomoticzNet.projitems*{98310842-84e2-4457-a16d-f4c7eb0baa6c}*SharedItemsImports = 4
		DomoticzNet\DomoticzNet.projitems*{a6857022-c9e8-49b3-bfb0-3b47a194afcd}*SharedItemsImports = 13
	EndGlobalSection
	GlobalSection(SolutionConfigurationPlatforms) = preSolution
		Debug|Any CPU = Debug|Any CPU
		Release|Any CPU = Release|Any CPU
	EndGlobalSection
	GlobalSection(ProjectConfigurationPlatforms) = postSolution
		{98310842-84E2-4457-A16D-F4C7EB0BAA6C}.Debug|Any CPU.ActiveCfg = Debug|Any CPU
		{98310842-84E2-4457-A16D-F4C7EB0BAA6C}.Debug|Any CPU.Build.0 = Debug|Any CPU
		{98310842-84E2-4457-A16D-F4C7EB0BAA6C}.Release|Any CPU.ActiveCfg = Release|Any CPU
		{98310842-84E2-4457-A16D-F4C7EB0BAA6C}.Release|Any CPU.Build.0 = Release|Any CPU
		{12AC13EA-C508-4903-A7D6-2406A2C5C15A}.Debug|Any CPU.ActiveCfg = Debug|Any CPU
		{12AC13EA-C508-4903-A7D6-2406A2C5C15A}.Debug|Any CPU.Build.0 = Debug|Any CPU
		{12AC13EA-C508-4903-A7D6-2406A2C5C15A}.Release|Any CPU.ActiveCfg = Release|Any CPU
		{12AC13EA-C508-4903-A7D6-2406A2C5C15A}.Release|Any CPU.Build.0 = Release|Any CPU
	EndGlobalSection
	GlobalSection(SolutionProperties) = preSolution
		HideSolutionNode = FALSE
	EndGlobalSection
	GlobalSection(ExtensibilityGlobals) = postSolution
		SolutionGuid = {7A66A89A-D1B4-40EF-8730-44327869B9A2}
	EndGlobalSection
EndGlobal
